// !$*UTF8*$!
{
	archiveVersion = 1;
	classes = {
	};
	objectVersion = 51;
	objects = {

/* Begin PBXBuildFile section */
		0117EA552305C68C00E125D5 /* GoogleService-Info.plist in Resources */ = {isa = PBXBuildFile; fileRef = 0117EA542305C68C00E125D5 /* GoogleService-Info.plist */; };
		01608E15231D59150078BD7A /* Dia.swift in Sources */ = {isa = PBXBuildFile; fileRef = 01608E14231D59150078BD7A /* Dia.swift */; };
		01608E17231D5D990078BD7A /* CellCollectionDays.swift in Sources */ = {isa = PBXBuildFile; fileRef = 01608E16231D5D990078BD7A /* CellCollectionDays.swift */; };
		01A0113D230EBF0F00BEC469 /* CellPrincipalViewTableViewCell.swift in Sources */ = {isa = PBXBuildFile; fileRef = 01A0113C230EBF0F00BEC469 /* CellPrincipalViewTableViewCell.swift */; };
		01A0113F230EC5AB00BEC469 /* Singleton.swift in Sources */ = {isa = PBXBuildFile; fileRef = 01A0113E230EC5AB00BEC469 /* Singleton.swift */; };
		231500B5BC00B77E72948A49 /* Pods_CatarinaUITests.framework in Frameworks */ = {isa = PBXBuildFile; fileRef = F87034C0FF097D219F54A866 /* Pods_CatarinaUITests.framework */; };
		571A1898BFF3B486D40C0662 /* Pods_CatarinaTests.framework in Frameworks */ = {isa = PBXBuildFile; fileRef = 1233A37A595774CDF1357FC6 /* Pods_CatarinaTests.framework */; };
		6C90E734231D49330098C420 /* TarefaFormViewController.swift in Sources */ = {isa = PBXBuildFile; fileRef = 6C90E733231D49330098C420 /* TarefaFormViewController.swift */; };
		6C90E736231D741D0098C420 /* CompromissoFormViewController.swift in Sources */ = {isa = PBXBuildFile; fileRef = 6C90E735231D741D0098C420 /* CompromissoFormViewController.swift */; };
		719F1C8CEF34448DA7E4C7BE /* Pods_Catarina.framework in Frameworks */ = {isa = PBXBuildFile; fileRef = 401DC89698A4251D47A84ACE /* Pods_Catarina.framework */; };
		CD44AFA62316A4C400D6E8E3 /* Playlists.swift in Sources */ = {isa = PBXBuildFile; fileRef = CD44AFA22316A4C200D6E8E3 /* Playlists.swift */; };
		CD44AFA72316A4C400D6E8E3 /* PlaylistModel.swift in Sources */ = {isa = PBXBuildFile; fileRef = CD44AFA32316A4C300D6E8E3 /* PlaylistModel.swift */; };
		CD44AFA82316A4C400D6E8E3 /* PlaylistCollectionViewCell.swift in Sources */ = {isa = PBXBuildFile; fileRef = CD44AFA42316A4C300D6E8E3 /* PlaylistCollectionViewCell.swift */; };
		CD44AFA92316A4C400D6E8E3 /* PlaylistViewController.swift in Sources */ = {isa = PBXBuildFile; fileRef = CD44AFA52316A4C300D6E8E3 /* PlaylistViewController.swift */; };
		CD719B2B2306EE9600E027CB /* RotinaViewController.swift in Sources */ = {isa = PBXBuildFile; fileRef = CD719B2A2306EE9600E027CB /* RotinaViewController.swift */; };
		CD719B2D2306F44800E027CB /* Familia.storyboard in Resources */ = {isa = PBXBuildFile; fileRef = CD719B2C2306F36600E027CB /* Familia.storyboard */; };
		CD994FB323059CF4006E9814 /* AppDelegate.swift in Sources */ = {isa = PBXBuildFile; fileRef = CD994FB223059CF4006E9814 /* AppDelegate.swift */; };
		CD994FB523059CF4006E9814 /* ViewController.swift in Sources */ = {isa = PBXBuildFile; fileRef = CD994FB423059CF4006E9814 /* ViewController.swift */; };
		CD994FB823059CF4006E9814 /* Main.storyboard in Resources */ = {isa = PBXBuildFile; fileRef = CD994FB623059CF4006E9814 /* Main.storyboard */; };
		CD994FBB23059CF4006E9814 /* Catarina.xcdatamodeld in Sources */ = {isa = PBXBuildFile; fileRef = CD994FB923059CF4006E9814 /* Catarina.xcdatamodeld */; };
		CD994FBD23059CF8006E9814 /* Assets.xcassets in Resources */ = {isa = PBXBuildFile; fileRef = CD994FBC23059CF8006E9814 /* Assets.xcassets */; };
		CD994FC023059CF8006E9814 /* LaunchScreen.storyboard in Resources */ = {isa = PBXBuildFile; fileRef = CD994FBE23059CF8006E9814 /* LaunchScreen.storyboard */; };
		CD994FCB23059CF8006E9814 /* CatarinaTests.swift in Sources */ = {isa = PBXBuildFile; fileRef = CD994FCA23059CF8006E9814 /* CatarinaTests.swift */; };
		CD994FD623059CF8006E9814 /* CatarinaUITests.swift in Sources */ = {isa = PBXBuildFile; fileRef = CD994FD523059CF8006E9814 /* CatarinaUITests.swift */; };
		CDC2C6F32316BBB2007AC928 /* Compartilhar.swift in Sources */ = {isa = PBXBuildFile; fileRef = CDC2C6F22316BBB2007AC928 /* Compartilhar.swift */; };
		E84FDA6923140225009EC0CF /* Compromisso.swift in Sources */ = {isa = PBXBuildFile; fileRef = E84FDA6823140225009EC0CF /* Compromisso.swift */; };
		E84FDA6B2314028D009EC0CF /* Periodo.swift in Sources */ = {isa = PBXBuildFile; fileRef = E84FDA6A2314028D009EC0CF /* Periodo.swift */; };
		FB10815A2316AD4200E469FE /* Playlist.storyboard in Resources */ = {isa = PBXBuildFile; fileRef = FB1081592316AD4200E469FE /* Playlist.storyboard */; };
		FB10815E2316AEA000E469FE /* PopUpDescriptionViewController.swift in Sources */ = {isa = PBXBuildFile; fileRef = FB10815D2316AEA000E469FE /* PopUpDescriptionViewController.swift */; };
		FBD6408B230D7FCA00B5DD8B /* CellInfoTableViewCell.swift in Sources */ = {isa = PBXBuildFile; fileRef = FBD6408A230D7FCA00B5DD8B /* CellInfoTableViewCell.swift */; };
		FBD6408D230D870000B5DD8B /* Tarefa.swift in Sources */ = {isa = PBXBuildFile; fileRef = FBD6408C230D870000B5DD8B /* Tarefa.swift */; };
		FBE07579230ACB5C0012DDF6 /* AddPopUpViewController.swift in Sources */ = {isa = PBXBuildFile; fileRef = FBE07578230ACB5C0012DDF6 /* AddPopUpViewController.swift */; };
/* End PBXBuildFile section */

/* Begin PBXContainerItemProxy section */
		CD994FC723059CF8006E9814 /* PBXContainerItemProxy */ = {
			isa = PBXContainerItemProxy;
			containerPortal = CD994FA723059CF4006E9814 /* Project object */;
			proxyType = 1;
			remoteGlobalIDString = CD994FAE23059CF4006E9814;
			remoteInfo = Catarina;
		};
		CD994FD223059CF8006E9814 /* PBXContainerItemProxy */ = {
			isa = PBXContainerItemProxy;
			containerPortal = CD994FA723059CF4006E9814 /* Project object */;
			proxyType = 1;
			remoteGlobalIDString = CD994FAE23059CF4006E9814;
			remoteInfo = Catarina;
		};
/* End PBXContainerItemProxy section */

/* Begin PBXFileReference section */
		0117EA542305C68C00E125D5 /* GoogleService-Info.plist */ = {isa = PBXFileReference; fileEncoding = 4; lastKnownFileType = text.plist.xml; path = "GoogleService-Info.plist"; sourceTree = "<group>"; };
		01608E14231D59150078BD7A /* Dia.swift */ = {isa = PBXFileReference; lastKnownFileType = sourcecode.swift; path = Dia.swift; sourceTree = "<group>"; };
		01608E16231D5D990078BD7A /* CellCollectionDays.swift */ = {isa = PBXFileReference; lastKnownFileType = sourcecode.swift; path = CellCollectionDays.swift; sourceTree = "<group>"; };
		01A0113C230EBF0F00BEC469 /* CellPrincipalViewTableViewCell.swift */ = {isa = PBXFileReference; lastKnownFileType = sourcecode.swift; path = CellPrincipalViewTableViewCell.swift; sourceTree = "<group>"; };
		01A0113E230EC5AB00BEC469 /* Singleton.swift */ = {isa = PBXFileReference; lastKnownFileType = sourcecode.swift; path = Singleton.swift; sourceTree = "<group>"; };
		048F27E2D0A930F8ACBC48F0 /* Pods-Catarina.release.xcconfig */ = {isa = PBXFileReference; includeInIndex = 1; lastKnownFileType = text.xcconfig; name = "Pods-Catarina.release.xcconfig"; path = "Target Support Files/Pods-Catarina/Pods-Catarina.release.xcconfig"; sourceTree = "<group>"; };
		1233A37A595774CDF1357FC6 /* Pods_CatarinaTests.framework */ = {isa = PBXFileReference; explicitFileType = wrapper.framework; includeInIndex = 0; path = Pods_CatarinaTests.framework; sourceTree = BUILT_PRODUCTS_DIR; };
		401DC89698A4251D47A84ACE /* Pods_Catarina.framework */ = {isa = PBXFileReference; explicitFileType = wrapper.framework; includeInIndex = 0; path = Pods_Catarina.framework; sourceTree = BUILT_PRODUCTS_DIR; };
		6C90E733231D49330098C420 /* TarefaFormViewController.swift */ = {isa = PBXFileReference; lastKnownFileType = sourcecode.swift; path = TarefaFormViewController.swift; sourceTree = "<group>"; };
		6C90E735231D741D0098C420 /* CompromissoFormViewController.swift */ = {isa = PBXFileReference; lastKnownFileType = sourcecode.swift; path = CompromissoFormViewController.swift; sourceTree = "<group>"; };
		90E39FC8AB94CD00EEA471AD /* Pods-Catarina.debug.xcconfig */ = {isa = PBXFileReference; includeInIndex = 1; lastKnownFileType = text.xcconfig; name = "Pods-Catarina.debug.xcconfig"; path = "Target Support Files/Pods-Catarina/Pods-Catarina.debug.xcconfig"; sourceTree = "<group>"; };
		994D34E429B5AF51336D4DAF /* Pods-CatarinaTests.debug.xcconfig */ = {isa = PBXFileReference; includeInIndex = 1; lastKnownFileType = text.xcconfig; name = "Pods-CatarinaTests.debug.xcconfig"; path = "Target Support Files/Pods-CatarinaTests/Pods-CatarinaTests.debug.xcconfig"; sourceTree = "<group>"; };
		A6CCADC59982CB345B8EF7BB /* Pods-CatarinaTests.release.xcconfig */ = {isa = PBXFileReference; includeInIndex = 1; lastKnownFileType = text.xcconfig; name = "Pods-CatarinaTests.release.xcconfig"; path = "Target Support Files/Pods-CatarinaTests/Pods-CatarinaTests.release.xcconfig"; sourceTree = "<group>"; };
		AF4605A91DBC9FDC55ABF1E9 /* Pods-CatarinaUITests.release.xcconfig */ = {isa = PBXFileReference; includeInIndex = 1; lastKnownFileType = text.xcconfig; name = "Pods-CatarinaUITests.release.xcconfig"; path = "Target Support Files/Pods-CatarinaUITests/Pods-CatarinaUITests.release.xcconfig"; sourceTree = "<group>"; };
		C3BCC47CF79A3C8A852B9745 /* Pods-CatarinaUITests.debug.xcconfig */ = {isa = PBXFileReference; includeInIndex = 1; lastKnownFileType = text.xcconfig; name = "Pods-CatarinaUITests.debug.xcconfig"; path = "Target Support Files/Pods-CatarinaUITests/Pods-CatarinaUITests.debug.xcconfig"; sourceTree = "<group>"; };
		CD44AFA22316A4C200D6E8E3 /* Playlists.swift */ = {isa = PBXFileReference; fileEncoding = 4; lastKnownFileType = sourcecode.swift; path = Playlists.swift; sourceTree = "<group>"; };
		CD44AFA32316A4C300D6E8E3 /* PlaylistModel.swift */ = {isa = PBXFileReference; fileEncoding = 4; lastKnownFileType = sourcecode.swift; path = PlaylistModel.swift; sourceTree = "<group>"; };
		CD44AFA42316A4C300D6E8E3 /* PlaylistCollectionViewCell.swift */ = {isa = PBXFileReference; fileEncoding = 4; lastKnownFileType = sourcecode.swift; path = PlaylistCollectionViewCell.swift; sourceTree = "<group>"; };
		CD44AFA52316A4C300D6E8E3 /* PlaylistViewController.swift */ = {isa = PBXFileReference; fileEncoding = 4; lastKnownFileType = sourcecode.swift; path = PlaylistViewController.swift; sourceTree = "<group>"; };
		CD719B2A2306EE9600E027CB /* RotinaViewController.swift */ = {isa = PBXFileReference; lastKnownFileType = sourcecode.swift; path = RotinaViewController.swift; sourceTree = "<group>"; };
		CD719B2C2306F36600E027CB /* Familia.storyboard */ = {isa = PBXFileReference; lastKnownFileType = file.storyboard; name = Familia.storyboard; path = Base.lproj/Familia.storyboard; sourceTree = "<group>"; };
		CD994FAF23059CF4006E9814 /* Catarina.app */ = {isa = PBXFileReference; explicitFileType = wrapper.application; includeInIndex = 0; path = Catarina.app; sourceTree = BUILT_PRODUCTS_DIR; };
		CD994FB223059CF4006E9814 /* AppDelegate.swift */ = {isa = PBXFileReference; lastKnownFileType = sourcecode.swift; path = AppDelegate.swift; sourceTree = "<group>"; };
		CD994FB423059CF4006E9814 /* ViewController.swift */ = {isa = PBXFileReference; lastKnownFileType = sourcecode.swift; path = ViewController.swift; sourceTree = "<group>"; };
		CD994FB723059CF4006E9814 /* Base */ = {isa = PBXFileReference; lastKnownFileType = file.storyboard; name = Base; path = Base.lproj/Main.storyboard; sourceTree = "<group>"; };
		CD994FBA23059CF4006E9814 /* Catarina.xcdatamodel */ = {isa = PBXFileReference; lastKnownFileType = wrapper.xcdatamodel; path = Catarina.xcdatamodel; sourceTree = "<group>"; };
		CD994FBC23059CF8006E9814 /* Assets.xcassets */ = {isa = PBXFileReference; lastKnownFileType = folder.assetcatalog; path = Assets.xcassets; sourceTree = "<group>"; };
		CD994FBF23059CF8006E9814 /* Base */ = {isa = PBXFileReference; lastKnownFileType = file.storyboard; name = Base; path = Base.lproj/LaunchScreen.storyboard; sourceTree = "<group>"; };
		CD994FC123059CF8006E9814 /* Info.plist */ = {isa = PBXFileReference; lastKnownFileType = text.plist.xml; path = Info.plist; sourceTree = "<group>"; };
		CD994FC623059CF8006E9814 /* CatarinaTests.xctest */ = {isa = PBXFileReference; explicitFileType = wrapper.cfbundle; includeInIndex = 0; path = CatarinaTests.xctest; sourceTree = BUILT_PRODUCTS_DIR; };
		CD994FCA23059CF8006E9814 /* CatarinaTests.swift */ = {isa = PBXFileReference; lastKnownFileType = sourcecode.swift; path = CatarinaTests.swift; sourceTree = "<group>"; };
		CD994FCC23059CF8006E9814 /* Info.plist */ = {isa = PBXFileReference; lastKnownFileType = text.plist.xml; path = Info.plist; sourceTree = "<group>"; };
		CD994FD123059CF8006E9814 /* CatarinaUITests.xctest */ = {isa = PBXFileReference; explicitFileType = wrapper.cfbundle; includeInIndex = 0; path = CatarinaUITests.xctest; sourceTree = BUILT_PRODUCTS_DIR; };
		CD994FD523059CF8006E9814 /* CatarinaUITests.swift */ = {isa = PBXFileReference; lastKnownFileType = sourcecode.swift; path = CatarinaUITests.swift; sourceTree = "<group>"; };
		CD994FD723059CF8006E9814 /* Info.plist */ = {isa = PBXFileReference; lastKnownFileType = text.plist.xml; path = Info.plist; sourceTree = "<group>"; };
		CDC2C6F22316BBB2007AC928 /* Compartilhar.swift */ = {isa = PBXFileReference; lastKnownFileType = sourcecode.swift; path = Compartilhar.swift; sourceTree = "<group>"; };
		E84FDA6823140225009EC0CF /* Compromisso.swift */ = {isa = PBXFileReference; lastKnownFileType = sourcecode.swift; path = Compromisso.swift; sourceTree = "<group>"; };
		E84FDA6A2314028D009EC0CF /* Periodo.swift */ = {isa = PBXFileReference; lastKnownFileType = sourcecode.swift; path = Periodo.swift; sourceTree = "<group>"; };
		F87034C0FF097D219F54A866 /* Pods_CatarinaUITests.framework */ = {isa = PBXFileReference; explicitFileType = wrapper.framework; includeInIndex = 0; path = Pods_CatarinaUITests.framework; sourceTree = BUILT_PRODUCTS_DIR; };
		FB1081592316AD4200E469FE /* Playlist.storyboard */ = {isa = PBXFileReference; fileEncoding = 4; lastKnownFileType = file.storyboard; path = Playlist.storyboard; sourceTree = "<group>"; };
		FB10815D2316AEA000E469FE /* PopUpDescriptionViewController.swift */ = {isa = PBXFileReference; lastKnownFileType = sourcecode.swift; path = PopUpDescriptionViewController.swift; sourceTree = "<group>"; };
		FBD6408A230D7FCA00B5DD8B /* CellInfoTableViewCell.swift */ = {isa = PBXFileReference; lastKnownFileType = sourcecode.swift; path = CellInfoTableViewCell.swift; sourceTree = "<group>"; };
		FBD6408C230D870000B5DD8B /* Tarefa.swift */ = {isa = PBXFileReference; lastKnownFileType = sourcecode.swift; path = Tarefa.swift; sourceTree = "<group>"; };
		FBE07578230ACB5C0012DDF6 /* AddPopUpViewController.swift */ = {isa = PBXFileReference; lastKnownFileType = sourcecode.swift; path = AddPopUpViewController.swift; sourceTree = "<group>"; };
/* End PBXFileReference section */

/* Begin PBXFrameworksBuildPhase section */
		CD994FAC23059CF4006E9814 /* Frameworks */ = {
			isa = PBXFrameworksBuildPhase;
			buildActionMask = 2147483647;
			files = (
				719F1C8CEF34448DA7E4C7BE /* Pods_Catarina.framework in Frameworks */,
			);
			runOnlyForDeploymentPostprocessing = 0;
		};
		CD994FC323059CF8006E9814 /* Frameworks */ = {
			isa = PBXFrameworksBuildPhase;
			buildActionMask = 2147483647;
			files = (
				571A1898BFF3B486D40C0662 /* Pods_CatarinaTests.framework in Frameworks */,
			);
			runOnlyForDeploymentPostprocessing = 0;
		};
		CD994FCE23059CF8006E9814 /* Frameworks */ = {
			isa = PBXFrameworksBuildPhase;
			buildActionMask = 2147483647;
			files = (
				231500B5BC00B77E72948A49 /* Pods_CatarinaUITests.framework in Frameworks */,
			);
			runOnlyForDeploymentPostprocessing = 0;
		};
/* End PBXFrameworksBuildPhase section */

/* Begin PBXGroup section */
		29DB91CDC9609A6FB976CEF6 /* Pods */ = {
			isa = PBXGroup;
			children = (
				90E39FC8AB94CD00EEA471AD /* Pods-Catarina.debug.xcconfig */,
				048F27E2D0A930F8ACBC48F0 /* Pods-Catarina.release.xcconfig */,
				994D34E429B5AF51336D4DAF /* Pods-CatarinaTests.debug.xcconfig */,
				A6CCADC59982CB345B8EF7BB /* Pods-CatarinaTests.release.xcconfig */,
				C3BCC47CF79A3C8A852B9745 /* Pods-CatarinaUITests.debug.xcconfig */,
				AF4605A91DBC9FDC55ABF1E9 /* Pods-CatarinaUITests.release.xcconfig */,
			);
			path = Pods;
			sourceTree = "<group>";
		};
		7EFF4B1DF494BF1E55300431 /* Frameworks */ = {
			isa = PBXGroup;
			children = (
				401DC89698A4251D47A84ACE /* Pods_Catarina.framework */,
				1233A37A595774CDF1357FC6 /* Pods_CatarinaTests.framework */,
				F87034C0FF097D219F54A866 /* Pods_CatarinaUITests.framework */,
			);
			name = Frameworks;
			sourceTree = "<group>";
		};
		CD994FA623059CF4006E9814 = {
			isa = PBXGroup;
			children = (
				CD994FB123059CF4006E9814 /* Catarina */,
				CD994FC923059CF8006E9814 /* CatarinaTests */,
				CD994FD423059CF8006E9814 /* CatarinaUITests */,
				CD994FB023059CF4006E9814 /* Products */,
				29DB91CDC9609A6FB976CEF6 /* Pods */,
				7EFF4B1DF494BF1E55300431 /* Frameworks */,
			);
			sourceTree = "<group>";
		};
		CD994FB023059CF4006E9814 /* Products */ = {
			isa = PBXGroup;
			children = (
				CD994FAF23059CF4006E9814 /* Catarina.app */,
				CD994FC623059CF8006E9814 /* CatarinaTests.xctest */,
				CD994FD123059CF8006E9814 /* CatarinaUITests.xctest */,
			);
			name = Products;
			sourceTree = "<group>";
		};
		CD994FB123059CF4006E9814 /* Catarina */ = {
			isa = PBXGroup;
			children = (
				FB1081592316AD4200E469FE /* Playlist.storyboard */,
				CD994FB223059CF4006E9814 /* AppDelegate.swift */,
				CD994FB423059CF4006E9814 /* ViewController.swift */,
				CD719B2C2306F36600E027CB /* Familia.storyboard */,
				CD994FB623059CF4006E9814 /* Main.storyboard */,
				CD994FBC23059CF8006E9814 /* Assets.xcassets */,
				CD994FBE23059CF8006E9814 /* LaunchScreen.storyboard */,
				CD994FC123059CF8006E9814 /* Info.plist */,
				0117EA542305C68C00E125D5 /* GoogleService-Info.plist */,
				CD994FB923059CF4006E9814 /* Catarina.xcdatamodeld */,
				CD44AFA42316A4C300D6E8E3 /* PlaylistCollectionViewCell.swift */,
				CD44AFA32316A4C300D6E8E3 /* PlaylistModel.swift */,
				CD44AFA22316A4C200D6E8E3 /* Playlists.swift */,
				CD44AFA52316A4C300D6E8E3 /* PlaylistViewController.swift */,
				FBE07578230ACB5C0012DDF6 /* AddPopUpViewController.swift */,
				CD719B2A2306EE9600E027CB /* RotinaViewController.swift */,
				FBD6408A230D7FCA00B5DD8B /* CellInfoTableViewCell.swift */,
				FBD6408C230D870000B5DD8B /* Tarefa.swift */,
				01A0113C230EBF0F00BEC469 /* CellPrincipalViewTableViewCell.swift */,
				01A0113E230EC5AB00BEC469 /* Singleton.swift */,
				E84FDA6823140225009EC0CF /* Compromisso.swift */,
				E84FDA6A2314028D009EC0CF /* Periodo.swift */,
				FB10815D2316AEA000E469FE /* PopUpDescriptionViewController.swift */,
				CDC2C6F22316BBB2007AC928 /* Compartilhar.swift */,
				6C90E733231D49330098C420 /* TarefaFormViewController.swift */,
				6C90E735231D741D0098C420 /* CompromissoFormViewController.swift */,
				01608E14231D59150078BD7A /* Dia.swift */,
				01608E16231D5D990078BD7A /* CellCollectionDays.swift */,
			);
			path = Catarina;
			sourceTree = "<group>";
		};
		CD994FC923059CF8006E9814 /* CatarinaTests */ = {
			isa = PBXGroup;
			children = (
				CD994FCA23059CF8006E9814 /* CatarinaTests.swift */,
				CD994FCC23059CF8006E9814 /* Info.plist */,
			);
			path = CatarinaTests;
			sourceTree = "<group>";
		};
		CD994FD423059CF8006E9814 /* CatarinaUITests */ = {
			isa = PBXGroup;
			children = (
				CD994FD523059CF8006E9814 /* CatarinaUITests.swift */,
				CD994FD723059CF8006E9814 /* Info.plist */,
			);
			path = CatarinaUITests;
			sourceTree = "<group>";
		};
/* End PBXGroup section */

/* Begin PBXNativeTarget section */
		CD994FAE23059CF4006E9814 /* Catarina */ = {
			isa = PBXNativeTarget;
			buildConfigurationList = CD994FDA23059CF8006E9814 /* Build configuration list for PBXNativeTarget "Catarina" */;
			buildPhases = (
				B02428C068DBB4ABC5D2068D /* [CP] Check Pods Manifest.lock */,
				CD994FAB23059CF4006E9814 /* Sources */,
				CD994FAC23059CF4006E9814 /* Frameworks */,
				CD994FAD23059CF4006E9814 /* Resources */,
				71BB2B299526F55787DE6245 /* [CP] Embed Pods Frameworks */,
			);
			buildRules = (
			);
			dependencies = (
			);
			name = Catarina;
			productName = Catarina;
			productReference = CD994FAF23059CF4006E9814 /* Catarina.app */;
			productType = "com.apple.product-type.application";
		};
		CD994FC523059CF8006E9814 /* CatarinaTests */ = {
			isa = PBXNativeTarget;
			buildConfigurationList = CD994FDD23059CF8006E9814 /* Build configuration list for PBXNativeTarget "CatarinaTests" */;
			buildPhases = (
				C28BD6065B4D4655FE344C25 /* [CP] Check Pods Manifest.lock */,
				CD994FC223059CF8006E9814 /* Sources */,
				CD994FC323059CF8006E9814 /* Frameworks */,
				CD994FC423059CF8006E9814 /* Resources */,
			);
			buildRules = (
			);
			dependencies = (
				CD994FC823059CF8006E9814 /* PBXTargetDependency */,
			);
			name = CatarinaTests;
			productName = CatarinaTests;
			productReference = CD994FC623059CF8006E9814 /* CatarinaTests.xctest */;
			productType = "com.apple.product-type.bundle.unit-test";
		};
		CD994FD023059CF8006E9814 /* CatarinaUITests */ = {
			isa = PBXNativeTarget;
			buildConfigurationList = CD994FE023059CF8006E9814 /* Build configuration list for PBXNativeTarget "CatarinaUITests" */;
			buildPhases = (
				A93EEF03C4A6BD4B11BFBF19 /* [CP] Check Pods Manifest.lock */,
				CD994FCD23059CF8006E9814 /* Sources */,
				CD994FCE23059CF8006E9814 /* Frameworks */,
				CD994FCF23059CF8006E9814 /* Resources */,
			);
			buildRules = (
			);
			dependencies = (
				CD994FD323059CF8006E9814 /* PBXTargetDependency */,
			);
			name = CatarinaUITests;
			productName = CatarinaUITests;
			productReference = CD994FD123059CF8006E9814 /* CatarinaUITests.xctest */;
			productType = "com.apple.product-type.bundle.ui-testing";
		};
/* End PBXNativeTarget section */

/* Begin PBXProject section */
		CD994FA723059CF4006E9814 /* Project object */ = {
			isa = PBXProject;
			attributes = {
				LastSwiftUpdateCheck = 1030;
				LastUpgradeCheck = 1030;
				ORGANIZATIONNAME = "Mariana Beilune Abad";
				TargetAttributes = {
					CD994FAE23059CF4006E9814 = {
						CreatedOnToolsVersion = 10.3;
					};
					CD994FC523059CF8006E9814 = {
						CreatedOnToolsVersion = 10.3;
						TestTargetID = CD994FAE23059CF4006E9814;
					};
					CD994FD023059CF8006E9814 = {
						CreatedOnToolsVersion = 10.3;
						TestTargetID = CD994FAE23059CF4006E9814;
					};
				};
			};
			buildConfigurationList = CD994FAA23059CF4006E9814 /* Build configuration list for PBXProject "Catarina" */;
			compatibilityVersion = "Xcode 9.3";
			developmentRegion = en;
			hasScannedForEncodings = 0;
			knownRegions = (
				en,
				Base,
			);
			mainGroup = CD994FA623059CF4006E9814;
			productRefGroup = CD994FB023059CF4006E9814 /* Products */;
			projectDirPath = "";
			projectRoot = "";
			targets = (
				CD994FAE23059CF4006E9814 /* Catarina */,
				CD994FC523059CF8006E9814 /* CatarinaTests */,
				CD994FD023059CF8006E9814 /* CatarinaUITests */,
			);
		};
/* End PBXProject section */

/* Begin PBXResourcesBuildPhase section */
		CD994FAD23059CF4006E9814 /* Resources */ = {
			isa = PBXResourcesBuildPhase;
			buildActionMask = 2147483647;
			files = (
				FB10815A2316AD4200E469FE /* Playlist.storyboard in Resources */,
				CD994FC023059CF8006E9814 /* LaunchScreen.storyboard in Resources */,
				0117EA552305C68C00E125D5 /* GoogleService-Info.plist in Resources */,
				CD994FBD23059CF8006E9814 /* Assets.xcassets in Resources */,
				CD994FB823059CF4006E9814 /* Main.storyboard in Resources */,
				CD719B2D2306F44800E027CB /* Familia.storyboard in Resources */,
			);
			runOnlyForDeploymentPostprocessing = 0;
		};
		CD994FC423059CF8006E9814 /* Resources */ = {
			isa = PBXResourcesBuildPhase;
			buildActionMask = 2147483647;
			files = (
			);
			runOnlyForDeploymentPostprocessing = 0;
		};
		CD994FCF23059CF8006E9814 /* Resources */ = {
			isa = PBXResourcesBuildPhase;
			buildActionMask = 2147483647;
			files = (
			);
			runOnlyForDeploymentPostprocessing = 0;
		};
/* End PBXResourcesBuildPhase section */

/* Begin PBXShellScriptBuildPhase section */
		71BB2B299526F55787DE6245 /* [CP] Embed Pods Frameworks */ = {
			isa = PBXShellScriptBuildPhase;
			buildActionMask = 2147483647;
			files = (
			);
			inputFileListPaths = (
				"${PODS_ROOT}/Target Support Files/Pods-Catarina/Pods-Catarina-frameworks-${CONFIGURATION}-input-files.xcfilelist",
			);
			name = "[CP] Embed Pods Frameworks";
			outputFileListPaths = (
				"${PODS_ROOT}/Target Support Files/Pods-Catarina/Pods-Catarina-frameworks-${CONFIGURATION}-output-files.xcfilelist",
			);
			runOnlyForDeploymentPostprocessing = 0;
			shellPath = /bin/sh;
			shellScript = "\"${PODS_ROOT}/Target Support Files/Pods-Catarina/Pods-Catarina-frameworks.sh\"\n";
			showEnvVarsInLog = 0;
		};
		A93EEF03C4A6BD4B11BFBF19 /* [CP] Check Pods Manifest.lock */ = {
			isa = PBXShellScriptBuildPhase;
			buildActionMask = 2147483647;
			files = (
			);
			inputFileListPaths = (
			);
			inputPaths = (
				"${PODS_PODFILE_DIR_PATH}/Podfile.lock",
				"${PODS_ROOT}/Manifest.lock",
			);
			name = "[CP] Check Pods Manifest.lock";
			outputFileListPaths = (
			);
			outputPaths = (
				"$(DERIVED_FILE_DIR)/Pods-CatarinaUITests-checkManifestLockResult.txt",
			);
			runOnlyForDeploymentPostprocessing = 0;
			shellPath = /bin/sh;
			shellScript = "diff \"${PODS_PODFILE_DIR_PATH}/Podfile.lock\" \"${PODS_ROOT}/Manifest.lock\" > /dev/null\nif [ $? != 0 ] ; then\n    # print error to STDERR\n    echo \"error: The sandbox is not in sync with the Podfile.lock. Run 'pod install' or update your CocoaPods installation.\" >&2\n    exit 1\nfi\n# This output is used by Xcode 'outputs' to avoid re-running this script phase.\necho \"SUCCESS\" > \"${SCRIPT_OUTPUT_FILE_0}\"\n";
			showEnvVarsInLog = 0;
		};
		B02428C068DBB4ABC5D2068D /* [CP] Check Pods Manifest.lock */ = {
			isa = PBXShellScriptBuildPhase;
			buildActionMask = 2147483647;
			files = (
			);
			inputFileListPaths = (
			);
			inputPaths = (
				"${PODS_PODFILE_DIR_PATH}/Podfile.lock",
				"${PODS_ROOT}/Manifest.lock",
			);
			name = "[CP] Check Pods Manifest.lock";
			outputFileListPaths = (
			);
			outputPaths = (
				"$(DERIVED_FILE_DIR)/Pods-Catarina-checkManifestLockResult.txt",
			);
			runOnlyForDeploymentPostprocessing = 0;
			shellPath = /bin/sh;
			shellScript = "diff \"${PODS_PODFILE_DIR_PATH}/Podfile.lock\" \"${PODS_ROOT}/Manifest.lock\" > /dev/null\nif [ $? != 0 ] ; then\n    # print error to STDERR\n    echo \"error: The sandbox is not in sync with the Podfile.lock. Run 'pod install' or update your CocoaPods installation.\" >&2\n    exit 1\nfi\n# This output is used by Xcode 'outputs' to avoid re-running this script phase.\necho \"SUCCESS\" > \"${SCRIPT_OUTPUT_FILE_0}\"\n";
			showEnvVarsInLog = 0;
		};
		C28BD6065B4D4655FE344C25 /* [CP] Check Pods Manifest.lock */ = {
			isa = PBXShellScriptBuildPhase;
			buildActionMask = 2147483647;
			files = (
			);
			inputFileListPaths = (
			);
			inputPaths = (
				"${PODS_PODFILE_DIR_PATH}/Podfile.lock",
				"${PODS_ROOT}/Manifest.lock",
			);
			name = "[CP] Check Pods Manifest.lock";
			outputFileListPaths = (
			);
			outputPaths = (
				"$(DERIVED_FILE_DIR)/Pods-CatarinaTests-checkManifestLockResult.txt",
			);
			runOnlyForDeploymentPostprocessing = 0;
			shellPath = /bin/sh;
			shellScript = "diff \"${PODS_PODFILE_DIR_PATH}/Podfile.lock\" \"${PODS_ROOT}/Manifest.lock\" > /dev/null\nif [ $? != 0 ] ; then\n    # print error to STDERR\n    echo \"error: The sandbox is not in sync with the Podfile.lock. Run 'pod install' or update your CocoaPods installation.\" >&2\n    exit 1\nfi\n# This output is used by Xcode 'outputs' to avoid re-running this script phase.\necho \"SUCCESS\" > \"${SCRIPT_OUTPUT_FILE_0}\"\n";
			showEnvVarsInLog = 0;
		};
/* End PBXShellScriptBuildPhase section */

/* Begin PBXSourcesBuildPhase section */
		CD994FAB23059CF4006E9814 /* Sources */ = {
			isa = PBXSourcesBuildPhase;
			buildActionMask = 2147483647;
			files = (
				CD994FB523059CF4006E9814 /* ViewController.swift in Sources */,
				01A0113F230EC5AB00BEC469 /* Singleton.swift in Sources */,
				CDC2C6F32316BBB2007AC928 /* Compartilhar.swift in Sources */,
				E84FDA6B2314028D009EC0CF /* Periodo.swift in Sources */,
				6C90E734231D49330098C420 /* TarefaFormViewController.swift in Sources */,
				CD719B2B2306EE9600E027CB /* RotinaViewController.swift in Sources */,
				6C90E736231D741D0098C420 /* CompromissoFormViewController.swift in Sources */,
				CD44AFA82316A4C400D6E8E3 /* PlaylistCollectionViewCell.swift in Sources */,
				FBD6408D230D870000B5DD8B /* Tarefa.swift in Sources */,
				CD994FB323059CF4006E9814 /* AppDelegate.swift in Sources */,
				FB10815E2316AEA000E469FE /* PopUpDescriptionViewController.swift in Sources */,
				FBD6408B230D7FCA00B5DD8B /* CellInfoTableViewCell.swift in Sources */,
				CD44AFA92316A4C400D6E8E3 /* PlaylistViewController.swift in Sources */,
				FBE07579230ACB5C0012DDF6 /* AddPopUpViewController.swift in Sources */,
				01608E17231D5D990078BD7A /* CellCollectionDays.swift in Sources */,
				CD994FBB23059CF4006E9814 /* Catarina.xcdatamodeld in Sources */,
				CD44AFA72316A4C400D6E8E3 /* PlaylistModel.swift in Sources */,
				01608E15231D59150078BD7A /* Dia.swift in Sources */,
				CD44AFA62316A4C400D6E8E3 /* Playlists.swift in Sources */,
				01A0113D230EBF0F00BEC469 /* CellPrincipalViewTableViewCell.swift in Sources */,
				E84FDA6923140225009EC0CF /* Compromisso.swift in Sources */,
			);
			runOnlyForDeploymentPostprocessing = 0;
		};
		CD994FC223059CF8006E9814 /* Sources */ = {
			isa = PBXSourcesBuildPhase;
			buildActionMask = 2147483647;
			files = (
				CD994FCB23059CF8006E9814 /* CatarinaTests.swift in Sources */,
			);
			runOnlyForDeploymentPostprocessing = 0;
		};
		CD994FCD23059CF8006E9814 /* Sources */ = {
			isa = PBXSourcesBuildPhase;
			buildActionMask = 2147483647;
			files = (
				CD994FD623059CF8006E9814 /* CatarinaUITests.swift in Sources */,
			);
			runOnlyForDeploymentPostprocessing = 0;
		};
/* End PBXSourcesBuildPhase section */

/* Begin PBXTargetDependency section */
		CD994FC823059CF8006E9814 /* PBXTargetDependency */ = {
			isa = PBXTargetDependency;
			target = CD994FAE23059CF4006E9814 /* Catarina */;
			targetProxy = CD994FC723059CF8006E9814 /* PBXContainerItemProxy */;
		};
		CD994FD323059CF8006E9814 /* PBXTargetDependency */ = {
			isa = PBXTargetDependency;
			target = CD994FAE23059CF4006E9814 /* Catarina */;
			targetProxy = CD994FD223059CF8006E9814 /* PBXContainerItemProxy */;
		};
/* End PBXTargetDependency section */

/* Begin PBXVariantGroup section */
		CD994FB623059CF4006E9814 /* Main.storyboard */ = {
			isa = PBXVariantGroup;
			children = (
				CD994FB723059CF4006E9814 /* Base */,
			);
			name = Main.storyboard;
			sourceTree = "<group>";
		};
		CD994FBE23059CF8006E9814 /* LaunchScreen.storyboard */ = {
			isa = PBXVariantGroup;
			children = (
				CD994FBF23059CF8006E9814 /* Base */,
			);
			name = LaunchScreen.storyboard;
			sourceTree = "<group>";
		};
/* End PBXVariantGroup section */

/* Begin XCBuildConfiguration section */
		CD994FD823059CF8006E9814 /* Debug */ = {
			isa = XCBuildConfiguration;
			buildSettings = {
				ALWAYS_SEARCH_USER_PATHS = NO;
				CLANG_ANALYZER_NONNULL = YES;
				CLANG_ANALYZER_NUMBER_OBJECT_CONVERSION = YES_AGGRESSIVE;
				CLANG_CXX_LANGUAGE_STANDARD = "gnu++14";
				CLANG_CXX_LIBRARY = "libc++";
				CLANG_ENABLE_MODULES = YES;
				CLANG_ENABLE_OBJC_ARC = YES;
				CLANG_ENABLE_OBJC_WEAK = YES;
				CLANG_WARN_BLOCK_CAPTURE_AUTORELEASING = YES;
				CLANG_WARN_BOOL_CONVERSION = YES;
				CLANG_WARN_COMMA = YES;
				CLANG_WARN_CONSTANT_CONVERSION = YES;
				CLANG_WARN_DEPRECATED_OBJC_IMPLEMENTATIONS = YES;
				CLANG_WARN_DIRECT_OBJC_ISA_USAGE = YES_ERROR;
				CLANG_WARN_DOCUMENTATION_COMMENTS = YES;
				CLANG_WARN_EMPTY_BODY = YES;
				CLANG_WARN_ENUM_CONVERSION = YES;
				CLANG_WARN_INFINITE_RECURSION = YES;
				CLANG_WARN_INT_CONVERSION = YES;
				CLANG_WARN_NON_LITERAL_NULL_CONVERSION = YES;
				CLANG_WARN_OBJC_IMPLICIT_RETAIN_SELF = YES;
				CLANG_WARN_OBJC_LITERAL_CONVERSION = YES;
				CLANG_WARN_OBJC_ROOT_CLASS = YES_ERROR;
				CLANG_WARN_RANGE_LOOP_ANALYSIS = YES;
				CLANG_WARN_STRICT_PROTOTYPES = YES;
				CLANG_WARN_SUSPICIOUS_MOVE = YES;
				CLANG_WARN_UNGUARDED_AVAILABILITY = YES_AGGRESSIVE;
				CLANG_WARN_UNREACHABLE_CODE = YES;
				CLANG_WARN__DUPLICATE_METHOD_MATCH = YES;
				CODE_SIGN_IDENTITY = "iPhone Developer";
				COPY_PHASE_STRIP = NO;
				DEBUG_INFORMATION_FORMAT = dwarf;
				ENABLE_STRICT_OBJC_MSGSEND = YES;
				ENABLE_TESTABILITY = YES;
				GCC_C_LANGUAGE_STANDARD = gnu11;
				GCC_DYNAMIC_NO_PIC = NO;
				GCC_NO_COMMON_BLOCKS = YES;
				GCC_OPTIMIZATION_LEVEL = 0;
				GCC_PREPROCESSOR_DEFINITIONS = (
					"DEBUG=1",
					"$(inherited)",
				);
				GCC_WARN_64_TO_32_BIT_CONVERSION = YES;
				GCC_WARN_ABOUT_RETURN_TYPE = YES_ERROR;
				GCC_WARN_UNDECLARED_SELECTOR = YES;
				GCC_WARN_UNINITIALIZED_AUTOS = YES_AGGRESSIVE;
				GCC_WARN_UNUSED_FUNCTION = YES;
				GCC_WARN_UNUSED_VARIABLE = YES;
				IPHONEOS_DEPLOYMENT_TARGET = 12.4;
				MTL_ENABLE_DEBUG_INFO = INCLUDE_SOURCE;
				MTL_FAST_MATH = YES;
				ONLY_ACTIVE_ARCH = YES;
				SDKROOT = iphoneos;
				SWIFT_ACTIVE_COMPILATION_CONDITIONS = DEBUG;
				SWIFT_OPTIMIZATION_LEVEL = "-Onone";
			};
			name = Debug;
		};
		CD994FD923059CF8006E9814 /* Release */ = {
			isa = XCBuildConfiguration;
			buildSettings = {
				ALWAYS_SEARCH_USER_PATHS = NO;
				CLANG_ANALYZER_NONNULL = YES;
				CLANG_ANALYZER_NUMBER_OBJECT_CONVERSION = YES_AGGRESSIVE;
				CLANG_CXX_LANGUAGE_STANDARD = "gnu++14";
				CLANG_CXX_LIBRARY = "libc++";
				CLANG_ENABLE_MODULES = YES;
				CLANG_ENABLE_OBJC_ARC = YES;
				CLANG_ENABLE_OBJC_WEAK = YES;
				CLANG_WARN_BLOCK_CAPTURE_AUTORELEASING = YES;
				CLANG_WARN_BOOL_CONVERSION = YES;
				CLANG_WARN_COMMA = YES;
				CLANG_WARN_CONSTANT_CONVERSION = YES;
				CLANG_WARN_DEPRECATED_OBJC_IMPLEMENTATIONS = YES;
				CLANG_WARN_DIRECT_OBJC_ISA_USAGE = YES_ERROR;
				CLANG_WARN_DOCUMENTATION_COMMENTS = YES;
				CLANG_WARN_EMPTY_BODY = YES;
				CLANG_WARN_ENUM_CONVERSION = YES;
				CLANG_WARN_INFINITE_RECURSION = YES;
				CLANG_WARN_INT_CONVERSION = YES;
				CLANG_WARN_NON_LITERAL_NULL_CONVERSION = YES;
				CLANG_WARN_OBJC_IMPLICIT_RETAIN_SELF = YES;
				CLANG_WARN_OBJC_LITERAL_CONVERSION = YES;
				CLANG_WARN_OBJC_ROOT_CLASS = YES_ERROR;
				CLANG_WARN_RANGE_LOOP_ANALYSIS = YES;
				CLANG_WARN_STRICT_PROTOTYPES = YES;
				CLANG_WARN_SUSPICIOUS_MOVE = YES;
				CLANG_WARN_UNGUARDED_AVAILABILITY = YES_AGGRESSIVE;
				CLANG_WARN_UNREACHABLE_CODE = YES;
				CLANG_WARN__DUPLICATE_METHOD_MATCH = YES;
				CODE_SIGN_IDENTITY = "iPhone Developer";
				COPY_PHASE_STRIP = NO;
				DEBUG_INFORMATION_FORMAT = "dwarf-with-dsym";
				ENABLE_NS_ASSERTIONS = NO;
				ENABLE_STRICT_OBJC_MSGSEND = YES;
				GCC_C_LANGUAGE_STANDARD = gnu11;
				GCC_NO_COMMON_BLOCKS = YES;
				GCC_WARN_64_TO_32_BIT_CONVERSION = YES;
				GCC_WARN_ABOUT_RETURN_TYPE = YES_ERROR;
				GCC_WARN_UNDECLARED_SELECTOR = YES;
				GCC_WARN_UNINITIALIZED_AUTOS = YES_AGGRESSIVE;
				GCC_WARN_UNUSED_FUNCTION = YES;
				GCC_WARN_UNUSED_VARIABLE = YES;
				IPHONEOS_DEPLOYMENT_TARGET = 12.4;
				MTL_ENABLE_DEBUG_INFO = NO;
				MTL_FAST_MATH = YES;
				SDKROOT = iphoneos;
				SWIFT_COMPILATION_MODE = wholemodule;
				SWIFT_OPTIMIZATION_LEVEL = "-O";
				VALIDATE_PRODUCT = YES;
			};
			name = Release;
		};
		CD994FDB23059CF8006E9814 /* Debug */ = {
			isa = XCBuildConfiguration;
			baseConfigurationReference = 90E39FC8AB94CD00EEA471AD /* Pods-Catarina.debug.xcconfig */;
			buildSettings = {
				ASSETCATALOG_COMPILER_APPICON_NAME = AppIcon;
				CODE_SIGN_STYLE = Automatic;
				DEVELOPMENT_TEAM = F6XL2RL8RU;
				INFOPLIST_FILE = Catarina/Info.plist;
				IPHONEOS_DEPLOYMENT_TARGET = 12.2;
				LD_RUNPATH_SEARCH_PATHS = (
					"$(inherited)",
					"@executable_path/Frameworks",
				);
				PRODUCT_BUNDLE_IDENTIFIER = com.mariabad.Catarina;
				PRODUCT_NAME = "$(TARGET_NAME)";
				SWIFT_VERSION = 5.0;
				TARGETED_DEVICE_FAMILY = "1,2";
			};
			name = Debug;
		};
		CD994FDC23059CF8006E9814 /* Release */ = {
			isa = XCBuildConfiguration;
			baseConfigurationReference = 048F27E2D0A930F8ACBC48F0 /* Pods-Catarina.release.xcconfig */;
			buildSettings = {
				ASSETCATALOG_COMPILER_APPICON_NAME = AppIcon;
				CODE_SIGN_STYLE = Automatic;
				DEVELOPMENT_TEAM = F6XL2RL8RU;
				INFOPLIST_FILE = Catarina/Info.plist;
				IPHONEOS_DEPLOYMENT_TARGET = 12.2;
				LD_RUNPATH_SEARCH_PATHS = (
					"$(inherited)",
					"@executable_path/Frameworks",
				);
				PRODUCT_BUNDLE_IDENTIFIER = com.mariabad.Catarina;
				PRODUCT_NAME = "$(TARGET_NAME)";
				SWIFT_VERSION = 5.0;
				TARGETED_DEVICE_FAMILY = "1,2";
			};
			name = Release;
		};
		CD994FDE23059CF8006E9814 /* Debug */ = {
			isa = XCBuildConfiguration;
			baseConfigurationReference = 994D34E429B5AF51336D4DAF /* Pods-CatarinaTests.debug.xcconfig */;
			buildSettings = {
				ALWAYS_EMBED_SWIFT_STANDARD_LIBRARIES = YES;
				BUNDLE_LOADER = "$(TEST_HOST)";
				CODE_SIGN_STYLE = Automatic;
				DEVELOPMENT_TEAM = ADP5XER6GT;
				INFOPLIST_FILE = CatarinaTests/Info.plist;
				LD_RUNPATH_SEARCH_PATHS = (
					"$(inherited)",
					"@executable_path/Frameworks",
					"@loader_path/Frameworks",
				);
				PRODUCT_BUNDLE_IDENTIFIER = com.mariabad.CatarinaTests;
				PRODUCT_NAME = "$(TARGET_NAME)";
				SWIFT_VERSION = 5.0;
				TARGETED_DEVICE_FAMILY = "1,2";
				TEST_HOST = "$(BUILT_PRODUCTS_DIR)/Catarina.app/Catarina";
			};
			name = Debug;
		};
		CD994FDF23059CF8006E9814 /* Release */ = {
			isa = XCBuildConfiguration;
			baseConfigurationReference = A6CCADC59982CB345B8EF7BB /* Pods-CatarinaTests.release.xcconfig */;
			buildSettings = {
				ALWAYS_EMBED_SWIFT_STANDARD_LIBRARIES = YES;
				BUNDLE_LOADER = "$(TEST_HOST)";
				CODE_SIGN_STYLE = Automatic;
				DEVELOPMENT_TEAM = ADP5XER6GT;
				INFOPLIST_FILE = CatarinaTests/Info.plist;
				LD_RUNPATH_SEARCH_PATHS = (
					"$(inherited)",
					"@executable_path/Frameworks",
					"@loader_path/Frameworks",
				);
				PRODUCT_BUNDLE_IDENTIFIER = com.mariabad.CatarinaTests;
				PRODUCT_NAME = "$(TARGET_NAME)";
				SWIFT_VERSION = 5.0;
				TARGETED_DEVICE_FAMILY = "1,2";
				TEST_HOST = "$(BUILT_PRODUCTS_DIR)/Catarina.app/Catarina";
			};
			name = Release;
		};
		CD994FE123059CF8006E9814 /* Debug */ = {
			isa = XCBuildConfiguration;
			baseConfigurationReference = C3BCC47CF79A3C8A852B9745 /* Pods-CatarinaUITests.debug.xcconfig */;
			buildSettings = {
				ALWAYS_EMBED_SWIFT_STANDARD_LIBRARIES = YES;
				CODE_SIGN_STYLE = Automatic;
				DEVELOPMENT_TEAM = ADP5XER6GT;
				INFOPLIST_FILE = CatarinaUITests/Info.plist;
				LD_RUNPATH_SEARCH_PATHS = (
					"$(inherited)",
					"@executable_path/Frameworks",
					"@loader_path/Frameworks",
				);
				PRODUCT_BUNDLE_IDENTIFIER = com.mariabad.CatarinaUITests;
				PRODUCT_NAME = "$(TARGET_NAME)";
				SWIFT_VERSION = 5.0;
				TARGETED_DEVICE_FAMILY = "1,2";
				TEST_TARGET_NAME = Catarina;
			};
			name = Debug;
		};
		CD994FE223059CF8006E9814 /* Release */ = {
			isa = XCBuildConfiguration;
			baseConfigurationReference = AF4605A91DBC9FDC55ABF1E9 /* Pods-CatarinaUITests.release.xcconfig */;
			buildSettings = {
				ALWAYS_EMBED_SWIFT_STANDARD_LIBRARIES = YES;
				CODE_SIGN_STYLE = Automatic;
				DEVELOPMENT_TEAM = ADP5XER6GT;
				INFOPLIST_FILE = CatarinaUITests/Info.plist;
				LD_RUNPATH_SEARCH_PATHS = (
					"$(inherited)",
					"@executable_path/Frameworks",
					"@loader_path/Frameworks",
				);
				PRODUCT_BUNDLE_IDENTIFIER = com.mariabad.CatarinaUITests;
				PRODUCT_NAME = "$(TARGET_NAME)";
				SWIFT_VERSION = 5.0;
				TARGETED_DEVICE_FAMILY = "1,2";
				TEST_TARGET_NAME = Catarina;
			};
			name = Release;
		};
/* End XCBuildConfiguration section */

/* Begin XCConfigurationList section */
		CD994FAA23059CF4006E9814 /* Build configuration list for PBXProject "Catarina" */ = {
			isa = XCConfigurationList;
			buildConfigurations = (
				CD994FD823059CF8006E9814 /* Debug */,
				CD994FD923059CF8006E9814 /* Release */,
			);
			defaultConfigurationIsVisible = 0;
			defaultConfigurationName = Release;
		};
		CD994FDA23059CF8006E9814 /* Build configuration list for PBXNativeTarget "Catarina" */ = {
			isa = XCConfigurationList;
			buildConfigurations = (
				CD994FDB23059CF8006E9814 /* Debug */,
				CD994FDC23059CF8006E9814 /* Release */,
			);
			defaultConfigurationIsVisible = 0;
			defaultConfigurationName = Release;
		};
		CD994FDD23059CF8006E9814 /* Build configuration list for PBXNativeTarget "CatarinaTests" */ = {
			isa = XCConfigurationList;
			buildConfigurations = (
				CD994FDE23059CF8006E9814 /* Debug */,
				CD994FDF23059CF8006E9814 /* Release */,
			);
			defaultConfigurationIsVisible = 0;
			defaultConfigurationName = Release;
		};
		CD994FE023059CF8006E9814 /* Build configuration list for PBXNativeTarget "CatarinaUITests" */ = {
			isa = XCConfigurationList;
			buildConfigurations = (
				CD994FE123059CF8006E9814 /* Debug */,
				CD994FE223059CF8006E9814 /* Release */,
			);
			defaultConfigurationIsVisible = 0;
			defaultConfigurationName = Release;
		};
/* End XCConfigurationList section */

/* Begin XCVersionGroup section */
		CD994FB923059CF4006E9814 /* Catarina.xcdatamodeld */ = {
			isa = XCVersionGroup;
			children = (
				CD994FBA23059CF4006E9814 /* Catarina.xcdatamodel */,
			);
			currentVersion = CD994FBA23059CF4006E9814 /* Catarina.xcdatamodel */;
			path = Catarina.xcdatamodeld;
			sourceTree = "<group>";
			versionGroupType = wrapper.xcdatamodel;
		};
/* End XCVersionGroup section */
	};
	rootObject = CD994FA723059CF4006E9814 /* Project object */;
}
